<?xml version="1.0" encoding="utf-8"?>
<Project ToolsVersion="4.0" xmlns="http://schemas.microsoft.com/developer/msbuild/2003">
  <ItemGroup>
    <Filter Include="Otros">
      <UniqueIdentifier>{67DA6AB6-F800-4c08-8B7A-83BB121AAD01}</UniqueIdentifier>
      <Extensions>rc;ico;cur;bmp;dlg;rc2;rct;bin;rgs;gif;jpg;jpeg;jpe;resx;tiff;tif;png;wav;mfcribbon-ms</Extensions>
    </Filter>
    <Filter Include="Headers">
      <UniqueIdentifier>{93995380-89BD-4b04-88EB-625FBE52EBFB}</UniqueIdentifier>
      <Extensions>h;hh;hpp;hxx;hm;inl;inc;ipp;xsd</Extensions>
    </Filter>
    <Filter Include="Cpp">
      <UniqueIdentifier>{097f778e-aa90-4cdc-9956-dd2ffc86dde4}</UniqueIdentifier>
    </Filter>
    <Filter Include="Tools">
      <UniqueIdentifier>{d596fdc2-cfcc-4c56-acb3-688b3dda4ad5}</UniqueIdentifier>
    </Filter>
    <Filter Include="Tools\pugixml-1.10">
      <UniqueIdentifier>{43b77716-5df1-4971-b6eb-a48aa90cdea2}</UniqueIdentifier>
    </Filter>
    <Filter Include="Modules">
      <UniqueIdentifier>{88d1fe36-ca20-4418-b468-5fb38737f1df}</UniqueIdentifier>
    </Filter>
  </ItemGroup>
  <ItemGroup>
    <ClCompile Include="Main.cpp">
      <Filter>Otros</Filter>
    </ClCompile>
    <ClCompile Include="Concept.cpp">
      <Filter>Cpp</Filter>
    </ClCompile>
    <ClCompile Include="Location.cpp">
      <Filter>Cpp</Filter>
    </ClCompile>
    <ClCompile Include="pugixml-1.10\src\pugixml.cpp">
      <Filter>Tools\pugixml-1.10</Filter>
    </ClCompile>
    <ClCompile Include="ModuleFileSystem.cpp">
      <Filter>Modules</Filter>
    </ClCompile>
    <ClCompile Include="App.cpp">
      <Filter>Cpp</Filter>
    </ClCompile>
    <ClCompile Include="ModuleWorld.cpp" />
    <ClCompile Include="ModuleConceptManager.cpp" />
  </ItemGroup>
  <ItemGroup>
    <ClInclude Include="Concept.h">
      <Filter>Headers</Filter>
    </ClInclude>
    <ClInclude Include="Location.h">
      <Filter>Headers</Filter>
    </ClInclude>
    <ClInclude Include="pugixml-1.10\src\pugiconfig.hpp">
      <Filter>Tools\pugixml-1.10</Filter>
    </ClInclude>
    <ClInclude Include="pugixml-1.10\src\pugixml.hpp">
      <Filter>Tools\pugixml-1.10</Filter>
    </ClInclude>
    <ClInclude Include="Module.h">
      <Filter>Modules</Filter>
    </ClInclude>
    <ClInclude Include="Globals.h">
      <Filter>Otros</Filter>
    </ClInclude>
    <ClInclude Include="ModuleFileSystem.h">
      <Filter>Modules</Filter>
    </ClInclude>
    <ClInclude Include="App.h">
      <Filter>Headers</Filter>
    </ClInclude>
    <ClInclude Include="ModuleWorld.h">
      <Filter>Modules</Filter>
    </ClInclude>
    <ClInclude Include="ModuleConceptManager.h">
      <Filter>Modules</Filter>
    </ClInclude>
  </ItemGroup>
</Project>