<?xml version="1.0" encoding="utf-8"?>
<Project ToolsVersion="4.0" xmlns="http://schemas.microsoft.com/developer/msbuild/2003">
  <ItemGroup>
    <Filter Include="Otros">
      <UniqueIdentifier>{67DA6AB6-F800-4c08-8B7A-83BB121AAD01}</UniqueIdentifier>
      <Extensions>rc;ico;cur;bmp;dlg;rc2;rct;bin;rgs;gif;jpg;jpeg;jpe;resx;tiff;tif;png;wav;mfcribbon-ms</Extensions>
    </Filter>
    <Filter Include="Headers">
      <UniqueIdentifier>{93995380-89BD-4b04-88EB-625FBE52EBFB}</UniqueIdentifier>
      <Extensions>h;hh;hpp;hxx;hm;inl;inc;ipp;xsd</Extensions>
    </Filter>
    <Filter Include="Cpp">
      <UniqueIdentifier>{097f778e-aa90-4cdc-9956-dd2ffc86dde4}</UniqueIdentifier>
    </Filter>
    <Filter Include="Tools">
      <UniqueIdentifier>{d596fdc2-cfcc-4c56-acb3-688b3dda4ad5}</UniqueIdentifier>
    </Filter>
    <Filter Include="Tools\pugixml-1.10">
      <UniqueIdentifier>{43b77716-5df1-4971-b6eb-a48aa90cdea2}</UniqueIdentifier>
    </Filter>
    <Filter Include="Modules">
      <UniqueIdentifier>{88d1fe36-ca20-4418-b468-5fb38737f1df}</UniqueIdentifier>
    </Filter>
    <Filter Include="Concepts">
      <UniqueIdentifier>{cfb844ec-e505-4ca0-ae52-4fa6255944d1}</UniqueIdentifier>
    </Filter>
    <Filter Include="Modules\World">
      <UniqueIdentifier>{ba5ecb90-2ac8-48c1-8d1d-37f9a00996d1}</UniqueIdentifier>
    </Filter>
    <Filter Include="ImGUI">
      <UniqueIdentifier>{49e456d9-7680-4e90-9c8a-48e992179551}</UniqueIdentifier>
    </Filter>
    <Filter Include="ImGUI\GL3W">
      <UniqueIdentifier>{110a2413-486f-4320-858e-8fb27cb07492}</UniqueIdentifier>
    </Filter>
    <Filter Include="ImGUI\sources">
      <UniqueIdentifier>{89c4a5f5-d307-488c-8341-543311b870a3}</UniqueIdentifier>
    </Filter>
    <Filter Include="ImGUI\GLFW3">
      <UniqueIdentifier>{03cdad6a-a005-41a6-8dca-c3ff22f8e697}</UniqueIdentifier>
    </Filter>
    <Filter Include="Modules\CharacterInfo">
      <UniqueIdentifier>{20fdb7b0-cd33-4971-af08-4c183d72a1b2}</UniqueIdentifier>
    </Filter>
  </ItemGroup>
  <ItemGroup>
    <ClCompile Include="Main.cpp">
      <Filter>Otros</Filter>
    </ClCompile>
    <ClCompile Include="pugixml-1.10\src\pugixml.cpp">
      <Filter>Tools\pugixml-1.10</Filter>
    </ClCompile>
    <ClCompile Include="ModuleFileSystem.cpp">
      <Filter>Modules</Filter>
    </ClCompile>
    <ClCompile Include="App.cpp">
      <Filter>Cpp</Filter>
    </ClCompile>
    <ClCompile Include="ModuleConceptManager.cpp">
      <Filter>Modules</Filter>
    </ClCompile>
    <ClCompile Include="ModuleWorld.cpp">
      <Filter>Modules</Filter>
    </ClCompile>
    <ClCompile Include="Concept.cpp">
      <Filter>Concepts</Filter>
    </ClCompile>
    <ClCompile Include="Location.cpp">
      <Filter>Concepts</Filter>
    </ClCompile>
    <ClCompile Include="Adjective.cpp">
      <Filter>Concepts</Filter>
    </ClCompile>
    <ClCompile Include="ModuleNameGenerator.cpp">
      <Filter>Modules</Filter>
    </ClCompile>
    <ClCompile Include="HelperFunctions.cpp">
      <Filter>Tools</Filter>
    </ClCompile>
    <ClCompile Include="Sky.cpp">
      <Filter>Modules\World</Filter>
    </ClCompile>
    <ClCompile Include="Climate.cpp">
      <Filter>Concepts</Filter>
    </ClCompile>
    <ClCompile Include="Race.cpp">
      <Filter>Concepts</Filter>
    </ClCompile>
    <ClCompile Include="Society.cpp">
      <Filter>Modules\World</Filter>
    </ClCompile>
    <ClCompile Include="Geography.cpp">
      <Filter>Modules\World</Filter>
    </ClCompile>
    <ClCompile Include="ModuleNarration.cpp">
      <Filter>Modules</Filter>
    </ClCompile>
    <ClCompile Include="ImGui\imgui.cpp">
      <Filter>ImGUI</Filter>
    </ClCompile>
    <ClCompile Include="ImGui\imgui_demo.cpp">
      <Filter>ImGUI</Filter>
    </ClCompile>
    <ClCompile Include="ImGui\imgui_draw.cpp">
      <Filter>ImGUI</Filter>
    </ClCompile>
    <ClCompile Include="ImGui\imgui_widgets.cpp">
      <Filter>ImGUI</Filter>
    </ClCompile>
    <ClCompile Include="ImGui\GL\gl3w.c">
      <Filter>ImGUI\GL3W</Filter>
    </ClCompile>
    <ClCompile Include="ImGui\imgui_impl_glfw.cpp">
      <Filter>ImGUI\sources</Filter>
    </ClCompile>
    <ClCompile Include="ImGui\imgui_impl_opengl3.cpp">
      <Filter>ImGUI\sources</Filter>
    </ClCompile>
    <ClCompile Include="ModuleGraphics.cpp">
      <Filter>Modules</Filter>
    </ClCompile>
    <ClCompile Include="ImGui\2main.cpp">
      <Filter>ImGUI\sources</Filter>
    </ClCompile>
    <ClCompile Include="Character.cpp">
      <Filter>Modules\World</Filter>
    </ClCompile>
  </ItemGroup>
  <ItemGroup>
    <ClInclude Include="pugixml-1.10\src\pugiconfig.hpp">
      <Filter>Tools\pugixml-1.10</Filter>
    </ClInclude>
    <ClInclude Include="pugixml-1.10\src\pugixml.hpp">
      <Filter>Tools\pugixml-1.10</Filter>
    </ClInclude>
    <ClInclude Include="Module.h">
      <Filter>Modules</Filter>
    </ClInclude>
    <ClInclude Include="Globals.h">
      <Filter>Otros</Filter>
    </ClInclude>
    <ClInclude Include="ModuleFileSystem.h">
      <Filter>Modules</Filter>
    </ClInclude>
    <ClInclude Include="App.h">
      <Filter>Headers</Filter>
    </ClInclude>
    <ClInclude Include="ModuleWorld.h">
      <Filter>Modules</Filter>
    </ClInclude>
    <ClInclude Include="ModuleConceptManager.h">
      <Filter>Modules</Filter>
    </ClInclude>
    <ClInclude Include="Concept.h">
      <Filter>Concepts</Filter>
    </ClInclude>
    <ClInclude Include="Location.h">
      <Filter>Concepts</Filter>
    </ClInclude>
    <ClInclude Include="ModuleNameGenerator.h">
      <Filter>Modules</Filter>
    </ClInclude>
    <ClInclude Include="Adjective.h">
      <Filter>Concepts</Filter>
    </ClInclude>
    <ClInclude Include="HelperFunctions.h">
      <Filter>Tools</Filter>
    </ClInclude>
    <ClInclude Include="Climate.h">
      <Filter>Concepts</Filter>
    </ClInclude>
    <ClInclude Include="Sky.h">
      <Filter>Modules\World</Filter>
    </ClInclude>
    <ClInclude Include="Geography.h">
      <Filter>Modules\World</Filter>
    </ClInclude>
    <ClInclude Include="Race.h">
      <Filter>Concepts</Filter>
    </ClInclude>
    <ClInclude Include="Society.h">
      <Filter>Modules\World</Filter>
    </ClInclude>
    <ClInclude Include="ModuleNarration.h">
      <Filter>Modules</Filter>
    </ClInclude>
    <ClInclude Include="resource.h">
      <Filter>Headers</Filter>
    </ClInclude>
    <ClInclude Include="ImGui\imconfig.h">
      <Filter>ImGUI</Filter>
    </ClInclude>
    <ClInclude Include="ImGui\imgui.h">
      <Filter>ImGUI</Filter>
    </ClInclude>
    <ClInclude Include="ImGui\imgui_internal.h">
      <Filter>ImGUI</Filter>
    </ClInclude>
    <ClInclude Include="ImGui\imstb_rectpack.h">
      <Filter>ImGUI</Filter>
    </ClInclude>
    <ClInclude Include="ImGui\imstb_textedit.h">
      <Filter>ImGUI</Filter>
    </ClInclude>
    <ClInclude Include="ImGui\imstb_truetype.h">
      <Filter>ImGUI</Filter>
    </ClInclude>
    <ClInclude Include="ImGui\GL\gl3w.h">
      <Filter>ImGUI\GL3W</Filter>
    </ClInclude>
    <ClInclude Include="ImGui\GL\glcorearb.h">
      <Filter>ImGUI\GL3W</Filter>
    </ClInclude>
    <ClInclude Include="ImGui\imgui_impl_glfw.h">
      <Filter>ImGUI\sources</Filter>
    </ClInclude>
    <ClInclude Include="ImGui\imgui_impl_opengl3.h">
      <Filter>ImGUI\sources</Filter>
    </ClInclude>
    <ClInclude Include="ImGui\include\GLFW\glfw3.h">
      <Filter>ImGUI\GLFW3</Filter>
    </ClInclude>
    <ClInclude Include="ImGui\include\GLFW\glfw3native.h">
      <Filter>ImGUI\GLFW3</Filter>
    </ClInclude>
    <ClInclude Include="ModuleGraphics.h">
      <Filter>Modules</Filter>
    </ClInclude>
    <ClInclude Include="Character.h">
      <Filter>Modules\World</Filter>
    </ClInclude>
    <ClInclude Include="CharacterDesc.h">
      <Filter>Modules\CharacterInfo</Filter>
    </ClInclude>
    <ClInclude Include="CharacterGoals.h">
      <Filter>Modules\CharacterInfo</Filter>
    </ClInclude>
  </ItemGroup>
  <ItemGroup>
    <ResourceCompile Include="ProWorld.rc">
      <Filter>Otros</Filter>
    </ResourceCompile>
  </ItemGroup>
</Project>